
Microsoft Visual Studio Solution File, Format Version 12.00
# Visual Studio Express 2012 for Windows Desktop
Project("{FAE04EC0-301F-11D3-BF4B-00C04F79EFBC}") = "wf_tictactoe", "wf_tictactoe\wf_tictactoe.csproj", "{DC591FED-CACB-4046-A0C4-B8F0E2960C0E}"
EndProject
Global
	GlobalSection(SolutionConfigurationPlatforms) = preSolution
		Debug|Any CPU = Debug|Any CPU
		Release|Any CPU = Release|Any CPU
	EndGlobalSection
	GlobalSection(ProjectConfigurationPlatforms) = postSolution
		{DC591FED-CACB-4046-A0C4-B8F0E2960C0E}.Debug|Any CPU.ActiveCfg = Debug|Any CPU
		{DC591FED-CACB-4046-A0C4-B8F0E2960C0E}.Debug|Any CPU.Build.0 = Debug|Any CPU
		{DC591FED-CACB-4046-A0C4-B8F0E2960C0E}.Release|Any CPU.ActiveCfg = Release|Any CPU
		{DC591FED-CACB-4046-A0C4-B8F0E2960C0E}.Release|Any CPU.Build.0 = Release|Any CPU
	EndGlobalSection
	GlobalSection(SolutionProperties) = preSolution
		HideSolutionNode = FALSE
	EndGlobalSection
EndGlobal
